
Microsoft Visual Studio Solution File, Format Version 12.00
# Visual Studio Version 17
VisualStudioVersion = 17.11.35222.181
MinimumVisualStudioVersion = 10.0.40219.1
Project("{9A19103F-16F7-4668-BE54-9A1E7A4F7556}") = "01_processes", "01_processes\01_processes.csproj", "{B7CFF164-BAD2-46DE-BFE8-D327A7C9BEA5}"
EndProject
Project("{9A19103F-16F7-4668-BE54-9A1E7A4F7556}") = "02_TaskManager", "02_TaskManager\02_TaskManager.csproj", "{852F369E-E2DA-470D-8E88-702B5A5E6C34}"
EndProject
Project("{9A19103F-16F7-4668-BE54-9A1E7A4F7556}") = "04_classWork", "04_classWork\04_classWork.csproj", "{E3E44632-7E91-4475-AA85-2357BD1B39F4}"
EndProject
Project("{9A19103F-16F7-4668-BE54-9A1E7A4F7556}") = "00_Args", "00_Args\00_Args.csproj", "{5EB99B64-6AA4-4313-96AF-F66EDEF6A047}"
EndProject
Project("{9A19103F-16F7-4668-BE54-9A1E7A4F7556}") = "05_thread_example_app", "05_thread_example_app\05_thread_example_app.csproj", "{DA7538EA-4AF1-47AA-80BC-E9261BF1FA61}"
EndProject
Project("{9A19103F-16F7-4668-BE54-9A1E7A4F7556}") = "06_Class_thread", "06_Class_thread\06_Class_thread.csproj", "{92DB0B79-21B6-46CD-8BCF-5DB43B075661}"
EndProject
Project("{9A19103F-16F7-4668-BE54-9A1E7A4F7556}") = "07_classmonitor", "07_classmonitor\07_classmonitor.csproj", "{D3487F90-ACDD-48E4-B335-ECC3C7AC8980}"
EndProject
Project("{9A19103F-16F7-4668-BE54-9A1E7A4F7556}") = "08_dz", "08_dz\08_dz.csproj", "{C7C9C4B5-8A38-4CC5-A532-35846FBC5D32}"
EndProject
Project("{9A19103F-16F7-4668-BE54-9A1E7A4F7556}") = "09_D1", "09_D1\09_D1.csproj", "{14BFE540-A1F1-46DF-9BC6-D7CDC0BD3997}"
EndProject
Project("{9A19103F-16F7-4668-BE54-9A1E7A4F7556}") = "10_class_work", "10_class_work\10_class_work.csproj", "{D6584207-3CC0-447E-9A36-25E44AA243DE}"
EndProject
Project("{9A19103F-16F7-4668-BE54-9A1E7A4F7556}") = "11_home_work", "11_home_work\11_home_work.csproj", "{3E9F1BEC-6D1D-4EC2-8DD0-F40DBD9B22EF}"
EndProject
Project("{9A19103F-16F7-4668-BE54-9A1E7A4F7556}") = "12_classAsync", "12_classAsync\12_classAsync.csproj", "{4876BBF1-3628-49C5-87CF-4C1FA5F67753}"
EndProject
Project("{9A19103F-16F7-4668-BE54-9A1E7A4F7556}") = "12_dz", "12_dz\12_dz.csproj", "{982FBE3B-D69C-4056-9A51-C110CCD37230}"
EndProject
Project("{9A19103F-16F7-4668-BE54-9A1E7A4F7556}") = "13_dz", "13_dz\13_dz.csproj", "{4DE0DF3F-868F-4817-95AA-0F874631AB12}"
EndProject
Project("{9A19103F-16F7-4668-BE54-9A1E7A4F7556}") = "14_classasync", "14_classasync\14_classasync.csproj", "{9F29DD86-7855-4407-A235-FA9E17021085}"
EndProject
Project("{9A19103F-16F7-4668-BE54-9A1E7A4F7556}") = "14_Library", "14_Library\14_Library.csproj", "{732DCF0A-8BA2-4A84-AE51-95994A1A56F7}"
EndProject
Project("{FAE04EC0-301F-11D3-BF4B-00C04F79EFBC}") = "14_Dz_Librarry", "14_Dz_Librarry\14_Dz_Librarry.csproj", "{6A16AF64-7F61-4B9D-B061-FD3B15A0908D}"
EndProject
Global
	GlobalSection(SolutionConfigurationPlatforms) = preSolution
		Debug|Any CPU = Debug|Any CPU
		Release|Any CPU = Release|Any CPU
	EndGlobalSection
	GlobalSection(ProjectConfigurationPlatforms) = postSolution
		{B7CFF164-BAD2-46DE-BFE8-D327A7C9BEA5}.Debug|Any CPU.ActiveCfg = Debug|Any CPU
		{B7CFF164-BAD2-46DE-BFE8-D327A7C9BEA5}.Debug|Any CPU.Build.0 = Debug|Any CPU
		{B7CFF164-BAD2-46DE-BFE8-D327A7C9BEA5}.Release|Any CPU.ActiveCfg = Release|Any CPU
		{B7CFF164-BAD2-46DE-BFE8-D327A7C9BEA5}.Release|Any CPU.Build.0 = Release|Any CPU
		{852F369E-E2DA-470D-8E88-702B5A5E6C34}.Debug|Any CPU.ActiveCfg = Debug|Any CPU
		{852F369E-E2DA-470D-8E88-702B5A5E6C34}.Debug|Any CPU.Build.0 = Debug|Any CPU
		{852F369E-E2DA-470D-8E88-702B5A5E6C34}.Release|Any CPU.ActiveCfg = Release|Any CPU
		{852F369E-E2DA-470D-8E88-702B5A5E6C34}.Release|Any CPU.Build.0 = Release|Any CPU
		{E3E44632-7E91-4475-AA85-2357BD1B39F4}.Debug|Any CPU.ActiveCfg = Debug|Any CPU
		{E3E44632-7E91-4475-AA85-2357BD1B39F4}.Debug|Any CPU.Build.0 = Debug|Any CPU
		{E3E44632-7E91-4475-AA85-2357BD1B39F4}.Release|Any CPU.ActiveCfg = Release|Any CPU
		{E3E44632-7E91-4475-AA85-2357BD1B39F4}.Release|Any CPU.Build.0 = Release|Any CPU
		{5EB99B64-6AA4-4313-96AF-F66EDEF6A047}.Debug|Any CPU.ActiveCfg = Debug|Any CPU
		{5EB99B64-6AA4-4313-96AF-F66EDEF6A047}.Debug|Any CPU.Build.0 = Debug|Any CPU
		{5EB99B64-6AA4-4313-96AF-F66EDEF6A047}.Release|Any CPU.ActiveCfg = Release|Any CPU
		{5EB99B64-6AA4-4313-96AF-F66EDEF6A047}.Release|Any CPU.Build.0 = Release|Any CPU
		{DA7538EA-4AF1-47AA-80BC-E9261BF1FA61}.Debug|Any CPU.ActiveCfg = Debug|Any CPU
		{DA7538EA-4AF1-47AA-80BC-E9261BF1FA61}.Debug|Any CPU.Build.0 = Debug|Any CPU
		{DA7538EA-4AF1-47AA-80BC-E9261BF1FA61}.Release|Any CPU.ActiveCfg = Release|Any CPU
		{DA7538EA-4AF1-47AA-80BC-E9261BF1FA61}.Release|Any CPU.Build.0 = Release|Any CPU
		{92DB0B79-21B6-46CD-8BCF-5DB43B075661}.Debug|Any CPU.ActiveCfg = Debug|Any CPU
		{92DB0B79-21B6-46CD-8BCF-5DB43B075661}.Debug|Any CPU.Build.0 = Debug|Any CPU
		{92DB0B79-21B6-46CD-8BCF-5DB43B075661}.Release|Any CPU.ActiveCfg = Release|Any CPU
		{92DB0B79-21B6-46CD-8BCF-5DB43B075661}.Release|Any CPU.Build.0 = Release|Any CPU
		{D3487F90-ACDD-48E4-B335-ECC3C7AC8980}.Debug|Any CPU.ActiveCfg = Debug|Any CPU
		{D3487F90-ACDD-48E4-B335-ECC3C7AC8980}.Debug|Any CPU.Build.0 = Debug|Any CPU
		{D3487F90-ACDD-48E4-B335-ECC3C7AC8980}.Release|Any CPU.ActiveCfg = Release|Any CPU
		{D3487F90-ACDD-48E4-B335-ECC3C7AC8980}.Release|Any CPU.Build.0 = Release|Any CPU
		{C7C9C4B5-8A38-4CC5-A532-35846FBC5D32}.Debug|Any CPU.ActiveCfg = Debug|Any CPU
		{C7C9C4B5-8A38-4CC5-A532-35846FBC5D32}.Debug|Any CPU.Build.0 = Debug|Any CPU
		{C7C9C4B5-8A38-4CC5-A532-35846FBC5D32}.Release|Any CPU.ActiveCfg = Release|Any CPU
		{C7C9C4B5-8A38-4CC5-A532-35846FBC5D32}.Release|Any CPU.Build.0 = Release|Any CPU
		{14BFE540-A1F1-46DF-9BC6-D7CDC0BD3997}.Debug|Any CPU.ActiveCfg = Debug|Any CPU
		{14BFE540-A1F1-46DF-9BC6-D7CDC0BD3997}.Debug|Any CPU.Build.0 = Debug|Any CPU
		{14BFE540-A1F1-46DF-9BC6-D7CDC0BD3997}.Release|Any CPU.ActiveCfg = Release|Any CPU
		{14BFE540-A1F1-46DF-9BC6-D7CDC0BD3997}.Release|Any CPU.Build.0 = Release|Any CPU
		{D6584207-3CC0-447E-9A36-25E44AA243DE}.Debug|Any CPU.ActiveCfg = Debug|Any CPU
		{D6584207-3CC0-447E-9A36-25E44AA243DE}.Debug|Any CPU.Build.0 = Debug|Any CPU
		{D6584207-3CC0-447E-9A36-25E44AA243DE}.Release|Any CPU.ActiveCfg = Release|Any CPU
		{D6584207-3CC0-447E-9A36-25E44AA243DE}.Release|Any CPU.Build.0 = Release|Any CPU
		{3E9F1BEC-6D1D-4EC2-8DD0-F40DBD9B22EF}.Debug|Any CPU.ActiveCfg = Debug|Any CPU
		{3E9F1BEC-6D1D-4EC2-8DD0-F40DBD9B22EF}.Debug|Any CPU.Build.0 = Debug|Any CPU
		{3E9F1BEC-6D1D-4EC2-8DD0-F40DBD9B22EF}.Release|Any CPU.ActiveCfg = Release|Any CPU
		{3E9F1BEC-6D1D-4EC2-8DD0-F40DBD9B22EF}.Release|Any CPU.Build.0 = Release|Any CPU
		{4876BBF1-3628-49C5-87CF-4C1FA5F67753}.Debug|Any CPU.ActiveCfg = Debug|Any CPU
		{4876BBF1-3628-49C5-87CF-4C1FA5F67753}.Debug|Any CPU.Build.0 = Debug|Any CPU
		{4876BBF1-3628-49C5-87CF-4C1FA5F67753}.Release|Any CPU.ActiveCfg = Release|Any CPU
		{4876BBF1-3628-49C5-87CF-4C1FA5F67753}.Release|Any CPU.Build.0 = Release|Any CPU
		{982FBE3B-D69C-4056-9A51-C110CCD37230}.Debug|Any CPU.ActiveCfg = Debug|Any CPU
		{982FBE3B-D69C-4056-9A51-C110CCD37230}.Debug|Any CPU.Build.0 = Debug|Any CPU
		{982FBE3B-D69C-4056-9A51-C110CCD37230}.Release|Any CPU.ActiveCfg = Release|Any CPU
		{982FBE3B-D69C-4056-9A51-C110CCD37230}.Release|Any CPU.Build.0 = Release|Any CPU
		{4DE0DF3F-868F-4817-95AA-0F874631AB12}.Debug|Any CPU.ActiveCfg = Debug|Any CPU
		{4DE0DF3F-868F-4817-95AA-0F874631AB12}.Debug|Any CPU.Build.0 = Debug|Any CPU
		{4DE0DF3F-868F-4817-95AA-0F874631AB12}.Release|Any CPU.ActiveCfg = Release|Any CPU
		{4DE0DF3F-868F-4817-95AA-0F874631AB12}.Release|Any CPU.Build.0 = Release|Any CPU
		{9F29DD86-7855-4407-A235-FA9E17021085}.Debug|Any CPU.ActiveCfg = Debug|Any CPU
		{9F29DD86-7855-4407-A235-FA9E17021085}.Debug|Any CPU.Build.0 = Debug|Any CPU
		{9F29DD86-7855-4407-A235-FA9E17021085}.Release|Any CPU.ActiveCfg = Release|Any CPU
		{9F29DD86-7855-4407-A235-FA9E17021085}.Release|Any CPU.Build.0 = Release|Any CPU
		{732DCF0A-8BA2-4A84-AE51-95994A1A56F7}.Debug|Any CPU.ActiveCfg = Debug|Any CPU
		{732DCF0A-8BA2-4A84-AE51-95994A1A56F7}.Debug|Any CPU.Build.0 = Debug|Any CPU
		{732DCF0A-8BA2-4A84-AE51-95994A1A56F7}.Release|Any CPU.ActiveCfg = Release|Any CPU
		{732DCF0A-8BA2-4A84-AE51-95994A1A56F7}.Release|Any CPU.Build.0 = Release|Any CPU
		{6A16AF64-7F61-4B9D-B061-FD3B15A0908D}.Debug|Any CPU.ActiveCfg = Debug|Any CPU
		{6A16AF64-7F61-4B9D-B061-FD3B15A0908D}.Debug|Any CPU.Build.0 = Debug|Any CPU
		{6A16AF64-7F61-4B9D-B061-FD3B15A0908D}.Release|Any CPU.ActiveCfg = Release|Any CPU
		{6A16AF64-7F61-4B9D-B061-FD3B15A0908D}.Release|Any CPU.Build.0 = Release|Any CPU
	EndGlobalSection
	GlobalSection(SolutionProperties) = preSolution
		HideSolutionNode = FALSE
	EndGlobalSection
	GlobalSection(ExtensibilityGlobals) = postSolution
		SolutionGuid = {8D270548-922C-41BD-9A6F-953D2EEF9FE8}
	EndGlobalSection
EndGlobal
